
Microsoft Visual Studio Solution File, Format Version 12.00
# Visual Studio Version 16
VisualStudioVersion = 16.0.30804.86
MinimumVisualStudioVersion = 10.0.40219.1
Project("{FAE04EC0-301F-11D3-BF4B-00C04F79EFBC}") = "InformasiDesa", "InformasiDesa.csproj", "{43DBC5DD-B1E2-4E62-93B0-4F9CA0F9C0F8}"
EndProject
Global
	GlobalSection(SolutionConfigurationPlatforms) = preSolution
		Debug|Any CPU = Debug|Any CPU
		Release|Any CPU = Release|Any CPU
	EndGlobalSection
	GlobalSection(ProjectConfigurationPlatforms) = postSolution
		{43DBC5DD-B1E2-4E62-93B0-4F9CA0F9C0F8}.Debug|Any CPU.ActiveCfg = Debug|Any CPU
		{43DBC5DD-B1E2-4E62-93B0-4F9CA0F9C0F8}.Debug|Any CPU.Build.0 = Debug|Any CPU
		{43DBC5DD-B1E2-4E62-93B0-4F9CA0F9C0F8}.Release|Any CPU.ActiveCfg = Release|Any CPU
		{43DBC5DD-B1E2-4E62-93B0-4F9CA0F9C0F8}.Release|Any CPU.Build.0 = Release|Any CPU
	EndGlobalSection
	GlobalSection(SolutionProperties) = preSolution
		HideSolutionNode = FALSE
	EndGlobalSection
	GlobalSection(ExtensibilityGlobals) = postSolution
		SolutionGuid = {2450F2B5-5E0A-4403-A67D-3E35854FA755}
	EndGlobalSection
EndGlobal
